<?xml version="1.0" encoding="utf-8"?>
<Project ToolsVersion="4.0" xmlns="http://schemas.microsoft.com/developer/msbuild/2003">
  <ItemGroup>
    <Filter Include="源文件">
      <UniqueIdentifier>{4FC737F1-C7A5-4376-A066-2A32D752A2FF}</UniqueIdentifier>
      <Extensions>cpp;c;cc;cxx;c++;cppm;ixx;def;odl;idl;hpj;bat;asm;asmx</Extensions>
    </Filter>
    <Filter Include="头文件">
      <UniqueIdentifier>{93995380-89BD-4b04-88EB-625FBE52EBFB}</UniqueIdentifier>
      <Extensions>h;hh;hpp;hxx;h++;hm;inl;inc;ipp;xsd</Extensions>
    </Filter>
    <Filter Include="资源文件">
      <UniqueIdentifier>{67DA6AB6-F800-4c08-8B7A-83BB121AAD01}</UniqueIdentifier>
      <Extensions>rc;ico;cur;bmp;dlg;rc2;rct;bin;rgs;gif;jpg;jpeg;jpe;resx;tiff;tif;png;wav;mfcribbon-ms</Extensions>
    </Filter>
  </ItemGroup>
  <ItemGroup>
    <ClCompile Include="02_operation.h">
      <Filter>头文件</Filter>
    </ClCompile>
    <ClCompile Include="Demo1.cpp">
      <Filter>源文件</Filter>
    </ClCompile>
    <ClCompile Include="02_operation.cpp">
      <Filter>源文件</Filter>
    </ClCompile>
    <ClCompile Include="03_creat_matrix.cpp">
      <Filter>源文件</Filter>
    </ClCompile>
    <ClCompile Include="Demo2.cpp">
      <Filter>源文件</Filter>
    </ClCompile>
    <ClCompile Include="04_pixel_visit.cpp">
      <Filter>源文件</Filter>
    </ClCompile>
    <ClCompile Include="Demo3.cpp">
      <Filter>源文件</Filter>
    </ClCompile>
    <ClCompile Include="Demo4.cpp">
      <Filter>源文件</Filter>
    </ClCompile>
    <ClCompile Include="05_arithmetic_operation.cpp">
      <Filter>源文件</Filter>
    </ClCompile>
    <ClCompile Include="06_tracking_bar.cpp">
      <Filter>源文件</Filter>
    </ClCompile>
    <ClCompile Include="Demo5.cpp">
      <Filter>源文件</Filter>
    </ClCompile>
    <ClCompile Include="07_key_operation.cpp">
      <Filter>源文件</Filter>
    </ClCompile>
    <ClCompile Include="Demo6.cpp">
      <Filter>源文件</Filter>
    </ClCompile>
    <ClCompile Include="08_color_style.cpp">
      <Filter>源文件</Filter>
    </ClCompile>
    <ClCompile Include="Demo7.cpp">
      <Filter>源文件</Filter>
    </ClCompile>
    <ClCompile Include="01_read&amp;show.cpp">
      <Filter>源文件</Filter>
    </ClCompile>
    <ClCompile Include="00_prepare.cpp">
      <Filter>源文件</Filter>
    </ClCompile>
    <ClCompile Include="09_logic_operation.cpp">
      <Filter>源文件</Filter>
    </ClCompile>
    <ClCompile Include="Demo8.cpp">
      <Filter>源文件</Filter>
    </ClCompile>
    <ClCompile Include="10_channels_operation.cpp">
      <Filter>源文件</Filter>
    </ClCompile>
    <ClCompile Include="Demo9.cpp">
      <Filter>源文件</Filter>
    </ClCompile>
    <ClCompile Include="11_inrange_operation.cpp">
      <Filter>源文件</Filter>
    </ClCompile>
    <ClCompile Include="Demo10.cpp">
      <Filter>源文件</Filter>
    </ClCompile>
    <ClCompile Include="12_pixel_statistics.cpp">
      <Filter>源文件</Filter>
    </ClCompile>
    <ClCompile Include="Demo11.cpp">
      <Filter>源文件</Filter>
    </ClCompile>
    <ClCompile Include="13_drawing_object.cpp">
      <Filter>源文件</Filter>
    </ClCompile>
    <ClCompile Include="Demo12.cpp">
      <Filter>源文件</Filter>
    </ClCompile>
    <ClCompile Include="14_mouse_operation.cpp">
      <Filter>源文件</Filter>
    </ClCompile>
    <ClCompile Include="Demo13.cpp">
      <Filter>源文件</Filter>
    </ClCompile>
    <ClCompile Include="Ngon.cpp">
      <Filter>源文件</Filter>
    </ClCompile>
    <ClCompile Include="15_conver&amp;norm.cpp">
      <Filter>源文件</Filter>
    </ClCompile>
    <ClCompile Include="16_resize&amp;interp.cpp">
      <Filter>源文件</Filter>
    </ClCompile>
    <ClCompile Include="17_flip_operation.cpp">
      <Filter>源文件</Filter>
    </ClCompile>
    <ClCompile Include="18_rotate_operation.cpp">
      <Filter>源文件</Filter>
    </ClCompile>
    <ClCompile Include="19_view_video.cpp">
      <Filter>源文件</Filter>
    </ClCompile>
    <ClCompile Include="20_video_save.cpp">
      <Filter>源文件</Filter>
    </ClCompile>
    <ClCompile Include="21_histogram.cpp">
      <Filter>源文件</Filter>
    </ClCompile>
    <ClCompile Include="22_histogram_2d.cpp">
      <Filter>源文件</Filter>
    </ClCompile>
    <ClCompile Include="Demo14.cpp">
      <Filter>源文件</Filter>
    </ClCompile>
    <ClCompile Include="Demo15.cpp">
      <Filter>源文件</Filter>
    </ClCompile>
    <ClCompile Include="Demo16.cpp">
      <Filter>源文件</Filter>
    </ClCompile>
    <ClCompile Include="Demo17.cpp">
      <Filter>源文件</Filter>
    </ClCompile>
    <ClCompile Include="Demo18.cpp">
      <Filter>源文件</Filter>
    </ClCompile>
    <ClCompile Include="Demo19.cpp">
      <Filter>源文件</Filter>
    </ClCompile>
    <ClCompile Include="Demo20.cpp">
      <Filter>源文件</Filter>
    </ClCompile>
    <ClCompile Include="Demo21.cpp">
      <Filter>源文件</Filter>
    </ClCompile>
  </ItemGroup>
  <ItemGroup>
    <ClInclude Include="03_creat_matrix.h">
      <Filter>头文件</Filter>
    </ClInclude>
    <ClInclude Include="04_pixel_visit.h">
      <Filter>头文件</Filter>
    </ClInclude>
    <ClInclude Include="05_arithmetic_operation.h">
      <Filter>头文件</Filter>
    </ClInclude>
    <ClInclude Include="06_tracking_bar.h">
      <Filter>头文件</Filter>
    </ClInclude>
    <ClInclude Include="07_key_operation.h">
      <Filter>头文件</Filter>
    </ClInclude>
    <ClInclude Include="08_color_style.h">
      <Filter>头文件</Filter>
    </ClInclude>
    <ClInclude Include="09_logic_operation.h">
      <Filter>头文件</Filter>
    </ClInclude>
    <ClInclude Include="10_channels_operation.h">
      <Filter>头文件</Filter>
    </ClInclude>
    <ClInclude Include="11_inrange_operation.h">
      <Filter>头文件</Filter>
    </ClInclude>
    <ClInclude Include="12_pixel_statistics.h">
      <Filter>头文件</Filter>
    </ClInclude>
    <ClInclude Include="13_drawing_object.h">
      <Filter>头文件</Filter>
    </ClInclude>
    <ClInclude Include="14_mouse_operation.h">
      <Filter>头文件</Filter>
    </ClInclude>
    <ClInclude Include="Ngon.h">
      <Filter>头文件</Filter>
    </ClInclude>
    <ClInclude Include="15_conver&amp;norm.h">
      <Filter>头文件</Filter>
    </ClInclude>
    <ClInclude Include="16_resize&amp;interp.h">
      <Filter>头文件</Filter>
    </ClInclude>
    <ClInclude Include="17_flip_operation.h">
      <Filter>头文件</Filter>
    </ClInclude>
    <ClInclude Include="18_rotate_operation.h">
      <Filter>头文件</Filter>
    </ClInclude>
    <ClInclude Include="19_view_video.h">
      <Filter>头文件</Filter>
    </ClInclude>
    <ClInclude Include="20_video_save.h">
      <Filter>头文件</Filter>
    </ClInclude>
    <ClInclude Include="21_histogram.h">
      <Filter>头文件</Filter>
    </ClInclude>
    <ClInclude Include="22_histogram_2d.h">
      <Filter>头文件</Filter>
    </ClInclude>
  </ItemGroup>
</Project>